<?xml version="1.0" encoding="utf-8"?>
<Project ToolsVersion="4.0" xmlns="http://schemas.microsoft.com/developer/msbuild/2003">
  <ItemGroup>
    <Filter Include="头文件">
      <UniqueIdentifier>{93995380-89BD-4b04-88EB-625FBE52EBFB}</UniqueIdentifier>
      <Extensions>h;hh;hpp;hxx;hm;inl;inc;xsd</Extensions>
    </Filter>
    <Filter Include="头文件\Controls">
      <UniqueIdentifier>{c102d53e-1e4b-4baa-a96b-01940b1bd6cf}</UniqueIdentifier>
    </Filter>
    <Filter Include="头文件\Utils">
      <UniqueIdentifier>{3f47c8a7-8030-43f8-9da8-e117693daf83}</UniqueIdentifier>
    </Filter>
    <Filter Include="头文件\PortLayer">
      <UniqueIdentifier>{24b19ff4-55c2-405a-ab6e-86d92365eff9}</UniqueIdentifier>
    </Filter>
    <Filter Include="头文件\Backend">
      <UniqueIdentifier>{cf448490-c231-435f-a913-1984a79d0bdc}</UniqueIdentifier>
    </Filter>
    <Filter Include="源文件">
      <UniqueIdentifier>{4FC737F1-C7A5-4376-A066-2A32D752A2FF}</UniqueIdentifier>
      <Extensions>cpp;c;cc;cxx;def;odl;idl;hpj;bat;asm;asmx</Extensions>
    </Filter>
    <Filter Include="源文件\Controls">
      <UniqueIdentifier>{f5843939-3b2f-4665-907e-03dc7bd15a0a}</UniqueIdentifier>
    </Filter>
    <Filter Include="源文件\Utils">
      <UniqueIdentifier>{783860f6-2b2f-4bbc-851d-4f105e2d12da}</UniqueIdentifier>
    </Filter>
    <Filter Include="源文件\资源文件">
      <UniqueIdentifier>{67DA6AB6-F800-4c08-8B7A-83BB121AAD01}</UniqueIdentifier>
      <Extensions>rc;ico;cur;bmp;dlg;rc2;rct;bin;rgs;gif;jpg;jpeg;jpe;resx;tiff;tif;png;wav;mfcribbon-ms</Extensions>
    </Filter>
    <Filter Include="源文件\Backend">
      <UniqueIdentifier>{629bf237-0c2f-4af9-9216-208f0807a6e7}</UniqueIdentifier>
    </Filter>
    <Filter Include="源文件\Backend\Skia">
      <UniqueIdentifier>{0d1f728e-d71a-4e78-ab4a-75db56f43514}</UniqueIdentifier>
    </Filter>
    <Filter Include="源文件\PortLayer">
      <UniqueIdentifier>{305bdb90-102b-4940-9f5c-b7cc6719921b}</UniqueIdentifier>
    </Filter>
    <Filter Include="源文件\PortLayer\Linux">
      <UniqueIdentifier>{3478c888-35c5-4a6e-bfd4-c11c6a0c7a3c}</UniqueIdentifier>
    </Filter>
    <Filter Include="源文件\PortLayer\Win32">
      <UniqueIdentifier>{7a54e55f-d727-48cc-9819-05d53fd3fca9}</UniqueIdentifier>
    </Filter>
    <Filter Include="源文件\Backend\Gdiplus">
      <UniqueIdentifier>{6b6453d4-c675-4877-878c-d00e6f61a49e}</UniqueIdentifier>
    </Filter>
  </ItemGroup>
  <ItemGroup>
    <ClCompile Include="src\DebugCode.cpp">
      <Filter>源文件</Filter>
    </ClCompile>
    <ClCompile Include="src\VControl.cpp">
      <Filter>源文件</Filter>
    </ClCompile>
    <ClCompile Include="src\VControlBase.cpp">
      <Filter>源文件</Filter>
    </ClCompile>
    <ClCompile Include="src\VGlobalFunction.cpp">
      <Filter>源文件</Filter>
    </ClCompile>
    <ClCompile Include="src\VWindow.cpp">
      <Filter>源文件</Filter>
    </ClCompile>
    <ClCompile Include="src\Controls\VanillaButton.cpp">
      <Filter>源文件\Controls</Filter>
    </ClCompile>
    <ClCompile Include="src\Controls\VanillaLabel.cpp">
      <Filter>源文件\Controls</Filter>
    </ClCompile>
    <ClCompile Include="src\Controls\VControlRegister.cpp">
      <Filter>源文件\Controls</Filter>
    </ClCompile>
    <ClCompile Include="src\Utils\VHashTable.cpp">
      <Filter>源文件\Utils</Filter>
    </ClCompile>
    <ClCompile Include="src\Utils\VSkinDB.cpp">
      <Filter>源文件\Utils</Filter>
    </ClCompile>
    <ClCompile Include="src\Utils\VTaskQueue.cpp">
      <Filter>源文件\Utils</Filter>
    </ClCompile>
    <ClCompile Include="src\Backend\Skia\VGraphics.cpp">
      <Filter>源文件\Backend\Skia</Filter>
    </ClCompile>
    <ClCompile Include="src\Backend\Skia\VImage.cpp">
      <Filter>源文件\Backend\Skia</Filter>
    </ClCompile>
    <ClCompile Include="src\Backend\Skia\VStringFormat.cpp">
      <Filter>源文件\Backend\Skia</Filter>
    </ClCompile>
    <ClCompile Include="src\PortLayer\Linux\VPWindow.cpp">
      <Filter>源文件\PortLayer\Linux</Filter>
    </ClCompile>
    <ClCompile Include="src\PortLayer\Win32\VPSysCall.cpp">
      <Filter>源文件\PortLayer\Win32</Filter>
    </ClCompile>
    <ClCompile Include="src\PortLayer\Win32\VPWindow.cpp">
      <Filter>源文件\PortLayer\Win32</Filter>
    </ClCompile>
    <ClCompile Include="src\PortLayer\Linux\VPSysCall.cpp">
      <Filter>源文件\PortLayer\Linux</Filter>
    </ClCompile>
    <ClCompile Include="src\Backend\Gdiplus\VGraphics.cpp">
      <Filter>源文件\Backend\Gdiplus</Filter>
    </ClCompile>
    <ClCompile Include="src\Backend\Gdiplus\VImage.cpp">
      <Filter>源文件\Backend\Gdiplus</Filter>
    </ClCompile>
    <ClCompile Include="src\Backend\Gdiplus\VStringFormat.cpp">
      <Filter>源文件\Backend\Gdiplus</Filter>
    </ClCompile>
  </ItemGroup>
  <ItemGroup>
    <ClInclude Include="include\stdafx.h">
      <Filter>头文件</Filter>
    </ClInclude>
    <ClInclude Include="include\VControl.h">
      <Filter>头文件</Filter>
    </ClInclude>
    <ClInclude Include="include\VControlBase.h">
      <Filter>头文件</Filter>
    </ClInclude>
    <ClInclude Include="include\VDefine.h">
      <Filter>头文件</Filter>
    </ClInclude>
    <ClInclude Include="include\VDrawing.h">
      <Filter>头文件</Filter>
    </ClInclude>
    <ClInclude Include="include\VGlobalFunction.h">
      <Filter>头文件</Filter>
    </ClInclude>
    <ClInclude Include="include\VStruct.h">
      <Filter>头文件</Filter>
    </ClInclude>
    <ClInclude Include="include\VWindow.h">
      <Filter>头文件</Filter>
    </ClInclude>
    <ClInclude Include="include\Utils\VHashTable.h">
      <Filter>头文件\Utils</Filter>
    </ClInclude>
    <ClInclude Include="include\Utils\VSkinDB.h">
      <Filter>头文件\Utils</Filter>
    </ClInclude>
    <ClInclude Include="include\Utils\VTaskQueue.h">
      <Filter>头文件\Utils</Filter>
    </ClInclude>
    <ClInclude Include="include\Controls\Include.h">
      <Filter>头文件\Controls</Filter>
    </ClInclude>
    <ClInclude Include="include\Controls\VanillaButton.h">
      <Filter>头文件\Controls</Filter>
    </ClInclude>
    <ClInclude Include="include\Controls\VanillaLabel.h">
      <Filter>头文件\Controls</Filter>
    </ClInclude>
    <ClInclude Include="include\Controls\VControlRegister.h">
      <Filter>头文件\Controls</Filter>
    </ClInclude>
    <ClInclude Include="include\PortLayer\VPSysCall.h">
      <Filter>头文件\PortLayer</Filter>
    </ClInclude>
    <ClInclude Include="include\PortLayer\VPWindow.h">
      <Filter>头文件\PortLayer</Filter>
    </ClInclude>
    <ClInclude Include="include\Backend\VGraphics.h">
      <Filter>头文件\Backend</Filter>
    </ClInclude>
    <ClInclude Include="include\Backend\VImage.h">
      <Filter>头文件\Backend</Filter>
    </ClInclude>
    <ClInclude Include="include\Backend\VStringFormat.h">
      <Filter>头文件\Backend</Filter>
    </ClInclude>
  </ItemGroup>
</Project>